
Microsoft Visual Studio Solution File, Format Version 12.00
# Visual Studio Version 17
VisualStudioVersion = 17.8.34330.188
MinimumVisualStudioVersion = 10.0.40219.1
Project("{9A19103F-16F7-4668-BE54-9A1E7A4F7556}") = "CK", "CK\CK.csproj", "{6FAA23A1-E52A-4002-9321-9842107F4E2B}"
EndProject
Global
	GlobalSection(SolutionConfigurationPlatforms) = preSolution
		Debug|Any CPU = Debug|Any CPU
		Release|Any CPU = Release|Any CPU
	EndGlobalSection
	GlobalSection(ProjectConfigurationPlatforms) = postSolution
		{6FAA23A1-E52A-4002-9321-9842107F4E2B}.Debug|Any CPU.ActiveCfg = Debug|Any CPU
		{6FAA23A1-E52A-4002-9321-9842107F4E2B}.Debug|Any CPU.Build.0 = Debug|Any CPU
		{6FAA23A1-E52A-4002-9321-9842107F4E2B}.Release|Any CPU.ActiveCfg = Release|Any CPU
		{6FAA23A1-E52A-4002-9321-9842107F4E2B}.Release|Any CPU.Build.0 = Release|Any CPU
	EndGlobalSection
	GlobalSection(SolutionProperties) = preSolution
		HideSolutionNode = FALSE
	EndGlobalSection
	GlobalSection(ExtensibilityGlobals) = postSolution
		SolutionGuid = {19673313-F8E4-4114-B845-296281156798}
	EndGlobalSection
EndGlobal
